// !$*UTF8*$!
{
	archiveVersion = 1;
	classes = {
	};
	objectVersion = 50;
	objects = {

/* Begin PBXBuildFile section */
		F5D3AA3527B2C56300E670CE /* AppDelegate.swift in Sources */ = {isa = PBXBuildFile; fileRef = F5D3AA3427B2C56300E670CE /* AppDelegate.swift */; };
		F5D3AA3727B2C56300E670CE /* SceneDelegate.swift in Sources */ = {isa = PBXBuildFile; fileRef = F5D3AA3627B2C56300E670CE /* SceneDelegate.swift */; };
		F5D3AA3927B2C56300E670CE /* ViewController.swift in Sources */ = {isa = PBXBuildFile; fileRef = F5D3AA3827B2C56300E670CE /* ViewController.swift */; };
		F5D3AA3C27B2C56300E670CE /* Main.storyboard in Resources */ = {isa = PBXBuildFile; fileRef = F5D3AA3A27B2C56300E670CE /* Main.storyboard */; };
		F5D3AA3E27B2C56500E670CE /* Assets.xcassets in Resources */ = {isa = PBXBuildFile; fileRef = F5D3AA3D27B2C56500E670CE /* Assets.xcassets */; };
		F5D3AA4127B2C56500E670CE /* LaunchScreen.storyboard in Resources */ = {isa = PBXBuildFile; fileRef = F5D3AA3F27B2C56500E670CE /* LaunchScreen.storyboard */; };
		F5D3AA4C27B2C56500E670CE /* SlibTests.swift in Sources */ = {isa = PBXBuildFile; fileRef = F5D3AA4B27B2C56500E670CE /* SlibTests.swift */; };
		F5D3AA5727B2C56500E670CE /* SlibUITests.swift in Sources */ = {isa = PBXBuildFile; fileRef = F5D3AA5627B2C56500E670CE /* SlibUITests.swift */; };
/* End PBXBuildFile section */

/* Begin PBXContainerItemProxy section */
		F5D3AA4827B2C56500E670CE /* PBXContainerItemProxy */ = {
			isa = PBXContainerItemProxy;
			containerPortal = F5D3AA2927B2C56300E670CE /* Project object */;
			proxyType = 1;
			remoteGlobalIDString = F5D3AA3027B2C56300E670CE;
			remoteInfo = Slib;
		};
		F5D3AA5327B2C56500E670CE /* PBXContainerItemProxy */ = {
			isa = PBXContainerItemProxy;
			containerPortal = F5D3AA2927B2C56300E670CE /* Project object */;
			proxyType = 1;
			remoteGlobalIDString = F5D3AA3027B2C56300E670CE;
			remoteInfo = Slib;
		};
/* End PBXContainerItemProxy section */

/* Begin PBXFileReference section */
		F5D3AA3127B2C56300E670CE /* Slib.app */ = {isa = PBXFileReference; explicitFileType = wrapper.application; includeInIndex = 0; path = Slib.app; sourceTree = BUILT_PRODUCTS_DIR; };
		F5D3AA3427B2C56300E670CE /* AppDelegate.swift */ = {isa = PBXFileReference; lastKnownFileType = sourcecode.swift; path = AppDelegate.swift; sourceTree = "<group>"; };
		F5D3AA3627B2C56300E670CE /* SceneDelegate.swift */ = {isa = PBXFileReference; lastKnownFileType = sourcecode.swift; path = SceneDelegate.swift; sourceTree = "<group>"; };
		F5D3AA3827B2C56300E670CE /* ViewController.swift */ = {isa = PBXFileReference; lastKnownFileType = sourcecode.swift; path = ViewController.swift; sourceTree = "<group>"; };
		F5D3AA3B27B2C56300E670CE /* Base */ = {isa = PBXFileReference; lastKnownFileType = file.storyboard; name = Base; path = Base.lproj/Main.storyboard; sourceTree = "<group>"; };
		F5D3AA3D27B2C56500E670CE /* Assets.xcassets */ = {isa = PBXFileReference; lastKnownFileType = folder.assetcatalog; path = Assets.xcassets; sourceTree = "<group>"; };
		F5D3AA4027B2C56500E670CE /* Base */ = {isa = PBXFileReference; lastKnownFileType = file.storyboard; name = Base; path = Base.lproj/LaunchScreen.storyboard; sourceTree = "<group>"; };
		F5D3AA4227B2C56500E670CE /* Info.plist */ = {isa = PBXFileReference; lastKnownFileType = text.plist.xml; path = Info.plist; sourceTree = "<group>"; };
		F5D3AA4727B2C56500E670CE /* SlibTests.xctest */ = {isa = PBXFileReference; explicitFileType = wrapper.cfbundle; includeInIndex = 0; path = SlibTests.xctest; sourceTree = BUILT_PRODUCTS_DIR; };
		F5D3AA4B27B2C56500E670CE /* SlibTests.swift */ = {isa = PBXFileReference; lastKnownFileType = sourcecode.swift; path = SlibTests.swift; sourceTree = "<group>"; };
		F5D3AA4D27B2C56500E670CE /* Info.plist */ = {isa = PBXFileReference; lastKnownFileType = text.plist.xml; path = Info.plist; sourceTree = "<group>"; };
		F5D3AA5227B2C56500E670CE /* SlibUITests.xctest */ = {isa = PBXFileReference; explicitFileType = wrapper.cfbundle; includeInIndex = 0; path = SlibUITests.xctest; sourceTree = BUILT_PRODUCTS_DIR; };
		F5D3AA5627B2C56500E670CE /* SlibUITests.swift */ = {isa = PBXFileReference; lastKnownFileType = sourcecode.swift; path = SlibUITests.swift; sourceTree = "<group>"; };
		F5D3AA5827B2C56500E670CE /* Info.plist */ = {isa = PBXFileReference; lastKnownFileType = text.plist.xml; path = Info.plist; sourceTree = "<group>"; };
/* End PBXFileReference section */

/* Begin PBXFrameworksBuildPhase section */
		F5D3AA2E27B2C56300E670CE /* Frameworks */ = {
			isa = PBXFrameworksBuildPhase;
			buildActionMask = 2147483647;
			files = (
			);
			runOnlyForDeploymentPostprocessing = 0;
		};
		F5D3AA4427B2C56500E670CE /* Frameworks */ = {
			isa = PBXFrameworksBuildPhase;
			buildActionMask = 2147483647;
			files = (
			);
			runOnlyForDeploymentPostprocessing = 0;
		};
		F5D3AA4F27B2C56500E670CE /* Frameworks */ = {
			isa = PBXFrameworksBuildPhase;
			buildActionMask = 2147483647;
			files = (
			);
			runOnlyForDeploymentPostprocessing = 0;
		};
/* End PBXFrameworksBuildPhase section */

/* Begin PBXGroup section */
		F5D3AA2827B2C56300E670CE = {
			isa = PBXGroup;
			children = (
				F5D3AA3327B2C56300E670CE /* Slib */,
				F5D3AA4A27B2C56500E670CE /* SlibTests */,
				F5D3AA5527B2C56500E670CE /* SlibUITests */,
				F5D3AA3227B2C56300E670CE /* Products */,
			);
			sourceTree = "<group>";
		};
		F5D3AA3227B2C56300E670CE /* Products */ = {
			isa = PBXGroup;
			children = (
				F5D3AA3127B2C56300E670CE /* Slib.app */,
				F5D3AA4727B2C56500E670CE /* SlibTests.xctest */,
				F5D3AA5227B2C56500E670CE /* SlibUITests.xctest */,
			);
			name = Products;
			sourceTree = "<group>";
		};
		F5D3AA3327B2C56300E670CE /* Slib */ = {
			isa = PBXGroup;
			children = (
				F5D3AA3427B2C56300E670CE /* AppDelegate.swift */,
				F5D3AA3627B2C56300E670CE /* SceneDelegate.swift */,
				F5D3AA3827B2C56300E670CE /* ViewController.swift */,
				F5D3AA3A27B2C56300E670CE /* Main.storyboard */,
				F5D3AA3D27B2C56500E670CE /* Assets.xcassets */,
				F5D3AA3F27B2C56500E670CE /* LaunchScreen.storyboard */,
				F5D3AA4227B2C56500E670CE /* Info.plist */,
			);
			path = Slib;
			sourceTree = "<group>";
		};
		F5D3AA4A27B2C56500E670CE /* SlibTests */ = {
			isa = PBXGroup;
			children = (
				F5D3AA4B27B2C56500E670CE /* SlibTests.swift */,
				F5D3AA4D27B2C56500E670CE /* Info.plist */,
			);
			path = SlibTests;
			sourceTree = "<group>";
		};
		F5D3AA5527B2C56500E670CE /* SlibUITests */ = {
			isa = PBXGroup;
			children = (
				F5D3AA5627B2C56500E670CE /* SlibUITests.swift */,
				F5D3AA5827B2C56500E670CE /* Info.plist */,
			);
			path = SlibUITests;
			sourceTree = "<group>";
		};
/* End PBXGroup section */

/* Begin PBXNativeTarget section */
		F5D3AA3027B2C56300E670CE /* Slib */ = {
			isa = PBXNativeTarget;
			buildConfigurationList = F5D3AA5B27B2C56500E670CE /* Build configuration list for PBXNativeTarget "Slib" */;
			buildPhases = (
				F5D3AA2D27B2C56300E670CE /* Sources */,
				F5D3AA2E27B2C56300E670CE /* Frameworks */,
				F5D3AA2F27B2C56300E670CE /* Resources */,
			);
			buildRules = (
			);
			dependencies = (
			);
			name = Slib;
			productName = Slib;
			productReference = F5D3AA3127B2C56300E670CE /* Slib.app */;
			productType = "com.apple.product-type.application";
		};
		F5D3AA4627B2C56500E670CE /* SlibTests */ = {
			isa = PBXNativeTarget;
			buildConfigurationList = F5D3AA5E27B2C56500E670CE /* Build configuration list for PBXNativeTarget "SlibTests" */;
			buildPhases = (
				F5D3AA4327B2C56500E670CE /* Sources */,
				F5D3AA4427B2C56500E670CE /* Frameworks */,
				F5D3AA4527B2C56500E670CE /* Resources */,
			);
			buildRules = (
			);
			dependencies = (
				F5D3AA4927B2C56500E670CE /* PBXTargetDependency */,
			);
			name = SlibTests;
			productName = SlibTests;
			productReference = F5D3AA4727B2C56500E670CE /* SlibTests.xctest */;
			productType = "com.apple.product-type.bundle.unit-test";
		};
		F5D3AA5127B2C56500E670CE /* SlibUITests */ = {
			isa = PBXNativeTarget;
			buildConfigurationList = F5D3AA6127B2C56500E670CE /* Build configuration list for PBXNativeTarget "SlibUITests" */;
			buildPhases = (
				F5D3AA4E27B2C56500E670CE /* Sources */,
				F5D3AA4F27B2C56500E670CE /* Frameworks */,
				F5D3AA5027B2C56500E670CE /* Resources */,
			);
			buildRules = (
			);
			dependencies = (
				F5D3AA5427B2C56500E670CE /* PBXTargetDependency */,
			);
			name = SlibUITests;
			productName = SlibUITests;
			productReference = F5D3AA5227B2C56500E670CE /* SlibUITests.xctest */;
			productType = "com.apple.product-type.bundle.ui-testing";
		};
/* End PBXNativeTarget section */

/* Begin PBXProject section */
		F5D3AA2927B2C56300E670CE /* Project object */ = {
			isa = PBXProject;
			attributes = {
				LastSwiftUpdateCheck = 1250;
				LastUpgradeCheck = 1250;
				TargetAttributes = {
					F5D3AA3027B2C56300E670CE = {
						CreatedOnToolsVersion = 12.5.1;
					};
					F5D3AA4627B2C56500E670CE = {
						CreatedOnToolsVersion = 12.5.1;
						TestTargetID = F5D3AA3027B2C56300E670CE;
					};
					F5D3AA5127B2C56500E670CE = {
						CreatedOnToolsVersion = 12.5.1;
						TestTargetID = F5D3AA3027B2C56300E670CE;
					};
				};
			};
			buildConfigurationList = F5D3AA2C27B2C56300E670CE /* Build configuration list for PBXProject "Slib" */;
			compatibilityVersion = "Xcode 9.3";
			developmentRegion = en;
			hasScannedForEncodings = 0;
			knownRegions = (
				en,
				Base,
			);
			mainGroup = F5D3AA2827B2C56300E670CE;
			productRefGroup = F5D3AA3227B2C56300E670CE /* Products */;
			projectDirPath = "";
			projectRoot = "";
			targets = (
				F5D3AA3027B2C56300E670CE /* Slib */,
				F5D3AA4627B2C56500E670CE /* SlibTests */,
				F5D3AA5127B2C56500E670CE /* SlibUITests */,
			);
		};
/* End PBXProject section */

/* Begin PBXResourcesBuildPhase section */
		F5D3AA2F27B2C56300E670CE /* Resources */ = {
			isa = PBXResourcesBuildPhase;
			buildActionMask = 2147483647;
			files = (
				F5D3AA4127B2C56500E670CE /* LaunchScreen.storyboard in Resources */,
				F5D3AA3E27B2C56500E670CE /* Assets.xcassets in Resources */,
				F5D3AA3C27B2C56300E670CE /* Main.storyboard in Resources */,
			);
			runOnlyForDeploymentPostprocessing = 0;
		};
		F5D3AA4527B2C56500E670CE /* Resources */ = {
			isa = PBXResourcesBuildPhase;
			buildActionMask = 2147483647;
			files = (
			);
			runOnlyForDeploymentPostprocessing = 0;
		};
		F5D3AA5027B2C56500E670CE /* Resources */ = {
			isa = PBXResourcesBuildPhase;
			buildActionMask = 2147483647;
			files = (
			);
			runOnlyForDeploymentPostprocessing = 0;
		};
/* End PBXResourcesBuildPhase section */

/* Begin PBXSourcesBuildPhase section */
		F5D3AA2D27B2C56300E670CE /* Sources */ = {
			isa = PBXSourcesBuildPhase;
			buildActionMask = 2147483647;
			files = (
				F5D3AA3927B2C56300E670CE /* ViewController.swift in Sources */,
				F5D3AA3527B2C56300E670CE /* AppDelegate.swift in Sources */,
				F5D3AA3727B2C56300E670CE /* SceneDelegate.swift in Sources */,
			);
			runOnlyForDeploymentPostprocessing = 0;
		};
		F5D3AA4327B2C56500E670CE /* Sources */ = {
			isa = PBXSourcesBuildPhase;
			buildActionMask = 2147483647;
			files = (
				F5D3AA4C27B2C56500E670CE /* SlibTests.swift in Sources */,
			);
			runOnlyForDeploymentPostprocessing = 0;
		};
		F5D3AA4E27B2C56500E670CE /* Sources */ = {
			isa = PBXSourcesBuildPhase;
			buildActionMask = 2147483647;
			files = (
				F5D3AA5727B2C56500E670CE /* SlibUITests.swift in Sources */,
			);
			runOnlyForDeploymentPostprocessing = 0;
		};
/* End PBXSourcesBuildPhase section */

/* Begin PBXTargetDependency section */
		F5D3AA4927B2C56500E670CE /* PBXTargetDependency */ = {
			isa = PBXTargetDependency;
			target = F5D3AA3027B2C56300E670CE /* Slib */;
			targetProxy = F5D3AA4827B2C56500E670CE /* PBXContainerItemProxy */;
		};
		F5D3AA5427B2C56500E670CE /* PBXTargetDependency */ = {
			isa = PBXTargetDependency;
			target = F5D3AA3027B2C56300E670CE /* Slib */;
			targetProxy = F5D3AA5327B2C56500E670CE /* PBXContainerItemProxy */;
		};
/* End PBXTargetDependency section */

/* Begin PBXVariantGroup section */
		F5D3AA3A27B2C56300E670CE /* Main.storyboard */ = {
			isa = PBXVariantGroup;
			children = (
				F5D3AA3B27B2C56300E670CE /* Base */,
			);
			name = Main.storyboard;
			sourceTree = "<group>";
		};
		F5D3AA3F27B2C56500E670CE /* LaunchScreen.storyboard */ = {
			isa = PBXVariantGroup;
			children = (
				F5D3AA4027B2C56500E670CE /* Base */,
			);
			name = LaunchScreen.storyboard;
			sourceTree = "<group>";
		};
/* End PBXVariantGroup section */

/* Begin XCBuildConfiguration section */
		F5D3AA5927B2C56500E670CE /* Debug */ = {
			isa = XCBuildConfiguration;
			buildSettings = {
				ALWAYS_SEARCH_USER_PATHS = NO;
				CLANG_ANALYZER_NONNULL = YES;
				CLANG_ANALYZER_NUMBER_OBJECT_CONVERSION = YES_AGGRESSIVE;
				CLANG_CXX_LANGUAGE_STANDARD = "gnu++14";
				CLANG_CXX_LIBRARY = "libc++";
				CLANG_ENABLE_MODULES = YES;
				CLANG_ENABLE_OBJC_ARC = YES;
				CLANG_ENABLE_OBJC_WEAK = YES;
				CLANG_WARN_BLOCK_CAPTURE_AUTORELEASING = YES;
				CLANG_WARN_BOOL_CONVERSION = YES;
				CLANG_WARN_COMMA = YES;
				CLANG_WARN_CONSTANT_CONVERSION = YES;
				CLANG_WARN_DEPRECATED_OBJC_IMPLEMENTATIONS = YES;
				CLANG_WARN_DIRECT_OBJC_ISA_USAGE = YES_ERROR;
				CLANG_WARN_DOCUMENTATION_COMMENTS = YES;
				CLANG_WARN_EMPTY_BODY = YES;
				CLANG_WARN_ENUM_CONVERSION = YES;
				CLANG_WARN_INFINITE_RECURSION = YES;
				CLANG_WARN_INT_CONVERSION = YES;
				CLANG_WARN_NON_LITERAL_NULL_CONVERSION = YES;
				CLANG_WARN_OBJC_IMPLICIT_RETAIN_SELF = YES;
				CLANG_WARN_OBJC_LITERAL_CONVERSION = YES;
				CLANG_WARN_OBJC_ROOT_CLASS = YES_ERROR;
				CLANG_WARN_QUOTED_INCLUDE_IN_FRAMEWORK_HEADER = YES;
				CLANG_WARN_RANGE_LOOP_ANALYSIS = YES;
				CLANG_WARN_STRICT_PROTOTYPES = YES;
				CLANG_WARN_SUSPICIOUS_MOVE = YES;
				CLANG_WARN_UNGUARDED_AVAILABILITY = YES_AGGRESSIVE;
				CLANG_WARN_UNREACHABLE_CODE = YES;
				CLANG_WARN__DUPLICATE_METHOD_MATCH = YES;
				COPY_PHASE_STRIP = NO;
				DEBUG_INFORMATION_FORMAT = dwarf;
				ENABLE_STRICT_OBJC_MSGSEND = YES;
				ENABLE_TESTABILITY = YES;
				GCC_C_LANGUAGE_STANDARD = gnu11;
				GCC_DYNAMIC_NO_PIC = NO;
				GCC_NO_COMMON_BLOCKS = YES;
				GCC_OPTIMIZATION_LEVEL = 0;
				GCC_PREPROCESSOR_DEFINITIONS = (
					"DEBUG=1",
					"$(inherited)",
				);
				GCC_WARN_64_TO_32_BIT_CONVERSION = YES;
				GCC_WARN_ABOUT_RETURN_TYPE = YES_ERROR;
				GCC_WARN_UNDECLARED_SELECTOR = YES;
				GCC_WARN_UNINITIALIZED_AUTOS = YES_AGGRESSIVE;
				GCC_WARN_UNUSED_FUNCTION = YES;
				GCC_WARN_UNUSED_VARIABLE = YES;
				IPHONEOS_DEPLOYMENT_TARGET = 14.5;
				MTL_ENABLE_DEBUG_INFO = INCLUDE_SOURCE;
				MTL_FAST_MATH = YES;
				ONLY_ACTIVE_ARCH = YES;
				SDKROOT = iphoneos;
				SWIFT_ACTIVE_COMPILATION_CONDITIONS = DEBUG;
				SWIFT_OPTIMIZATION_LEVEL = "-Onone";
			};
			name = Debug;
		};
		F5D3AA5A27B2C56500E670CE /* Release */ = {
			isa = XCBuildConfiguration;
			buildSettings = {
				ALWAYS_SEARCH_USER_PATHS = NO;
				CLANG_ANALYZER_NONNULL = YES;
				CLANG_ANALYZER_NUMBER_OBJECT_CONVERSION = YES_AGGRESSIVE;
				CLANG_CXX_LANGUAGE_STANDARD = "gnu++14";
				CLANG_CXX_LIBRARY = "libc++";
				CLANG_ENABLE_MODULES = YES;
				CLANG_ENABLE_OBJC_ARC = YES;
				CLANG_ENABLE_OBJC_WEAK = YES;
				CLANG_WARN_BLOCK_CAPTURE_AUTORELEASING = YES;
				CLANG_WARN_BOOL_CONVERSION = YES;
				CLANG_WARN_COMMA = YES;
				CLANG_WARN_CONSTANT_CONVERSION = YES;
				CLANG_WARN_DEPRECATED_OBJC_IMPLEMENTATIONS = YES;
				CLANG_WARN_DIRECT_OBJC_ISA_USAGE = YES_ERROR;
				CLANG_WARN_DOCUMENTATION_COMMENTS = YES;
				CLANG_WARN_EMPTY_BODY = YES;
				CLANG_WARN_ENUM_CONVERSION = YES;
				CLANG_WARN_INFINITE_RECURSION = YES;
				CLANG_WARN_INT_CONVERSION = YES;
				CLANG_WARN_NON_LITERAL_NULL_CONVERSION = YES;
				CLANG_WARN_OBJC_IMPLICIT_RETAIN_SELF = YES;
				CLANG_WARN_OBJC_LITERAL_CONVERSION = YES;
				CLANG_WARN_OBJC_ROOT_CLASS = YES_ERROR;
				CLANG_WARN_QUOTED_INCLUDE_IN_FRAMEWORK_HEADER = YES;
				CLANG_WARN_RANGE_LOOP_ANALYSIS = YES;
				CLANG_WARN_STRICT_PROTOTYPES = YES;
				CLANG_WARN_SUSPICIOUS_MOVE = YES;
				CLANG_WARN_UNGUARDED_AVAILABILITY = YES_AGGRESSIVE;
				CLANG_WARN_UNREACHABLE_CODE = YES;
				CLANG_WARN__DUPLICATE_METHOD_MATCH = YES;
				COPY_PHASE_STRIP = NO;
				DEBUG_INFORMATION_FORMAT = "dwarf-with-dsym";
				ENABLE_NS_ASSERTIONS = NO;
				ENABLE_STRICT_OBJC_MSGSEND = YES;
				GCC_C_LANGUAGE_STANDARD = gnu11;
				GCC_NO_COMMON_BLOCKS = YES;
				GCC_WARN_64_TO_32_BIT_CONVERSION = YES;
				GCC_WARN_ABOUT_RETURN_TYPE = YES_ERROR;
				GCC_WARN_UNDECLARED_SELECTOR = YES;
				GCC_WARN_UNINITIALIZED_AUTOS = YES_AGGRESSIVE;
				GCC_WARN_UNUSED_FUNCTION = YES;
				GCC_WARN_UNUSED_VARIABLE = YES;
				IPHONEOS_DEPLOYMENT_TARGET = 14.5;
				MTL_ENABLE_DEBUG_INFO = NO;
				MTL_FAST_MATH = YES;
				SDKROOT = iphoneos;
				SWIFT_COMPILATION_MODE = wholemodule;
				SWIFT_OPTIMIZATION_LEVEL = "-O";
				VALIDATE_PRODUCT = YES;
			};
			name = Release;
		};
		F5D3AA5C27B2C56500E670CE /* Debug */ = {
			isa = XCBuildConfiguration;
			buildSettings = {
				ASSETCATALOG_COMPILER_APPICON_NAME = AppIcon;
				ASSETCATALOG_COMPILER_GLOBAL_ACCENT_COLOR_NAME = AccentColor;
				CODE_SIGN_STYLE = Automatic;
				DEVELOPMENT_TEAM = 5Q3KXH668K;
				INFOPLIST_FILE = Slib/Info.plist;
				LD_RUNPATH_SEARCH_PATHS = (
					"$(inherited)",
					"@executable_path/Frameworks",
				);
				PRODUCT_BUNDLE_IDENTIFIER = com.heitormurara.Slib;
				PRODUCT_NAME = "$(TARGET_NAME)";
				SWIFT_VERSION = 5.0;
				TARGETED_DEVICE_FAMILY = "1,2";
			};
			name = Debug;
		};
		F5D3AA5D27B2C56500E670CE /* Release */ = {
			isa = XCBuildConfiguration;
			buildSettings = {
				ASSETCATALOG_COMPILER_APPICON_NAME = AppIcon;
				ASSETCATALOG_COMPILER_GLOBAL_ACCENT_COLOR_NAME = AccentColor;
				CODE_SIGN_STYLE = Automatic;
				DEVELOPMENT_TEAM = 5Q3KXH668K;
				INFOPLIST_FILE = Slib/Info.plist;
				LD_RUNPATH_SEARCH_PATHS = (
					"$(inherited)",
					"@executable_path/Frameworks",
				);
				PRODUCT_BUNDLE_IDENTIFIER = com.heitormurara.Slib;
				PRODUCT_NAME = "$(TARGET_NAME)";
				SWIFT_VERSION = 5.0;
				TARGETED_DEVICE_FAMILY = "1,2";
			};
			name = Release;
		};
		F5D3AA5F27B2C56500E670CE /* Debug */ = {
			isa = XCBuildConfiguration;
			buildSettings = {
				ALWAYS_EMBED_SWIFT_STANDARD_LIBRARIES = YES;
				BUNDLE_LOADER = "$(TEST_HOST)";
				CODE_SIGN_STYLE = Automatic;
				DEVELOPMENT_TEAM = 5Q3KXH668K;
				INFOPLIST_FILE = SlibTests/Info.plist;
				IPHONEOS_DEPLOYMENT_TARGET = 14.5;
				LD_RUNPATH_SEARCH_PATHS = (
					"$(inherited)",
					"@executable_path/Frameworks",
					"@loader_path/Frameworks",
				);
				PRODUCT_BUNDLE_IDENTIFIER = com.heitormurara.SlibTests;
				PRODUCT_NAME = "$(TARGET_NAME)";
				SWIFT_VERSION = 5.0;
				TARGETED_DEVICE_FAMILY = "1,2";
				TEST_HOST = "$(BUILT_PRODUCTS_DIR)/Slib.app/Slib";
			};
			name = Debug;
		};
		F5D3AA6027B2C56500E670CE /* Release */ = {
			isa = XCBuildConfiguration;
			buildSettings = {
				ALWAYS_EMBED_SWIFT_STANDARD_LIBRARIES = YES;
				BUNDLE_LOADER = "$(TEST_HOST)";
				CODE_SIGN_STYLE = Automatic;
				DEVELOPMENT_TEAM = 5Q3KXH668K;
				INFOPLIST_FILE = SlibTests/Info.plist;
				IPHONEOS_DEPLOYMENT_TARGET = 14.5;
				LD_RUNPATH_SEARCH_PATHS = (
					"$(inherited)",
					"@executable_path/Frameworks",
					"@loader_path/Frameworks",
				);
				PRODUCT_BUNDLE_IDENTIFIER = com.heitormurara.SlibTests;
				PRODUCT_NAME = "$(TARGET_NAME)";
				SWIFT_VERSION = 5.0;
				TARGETED_DEVICE_FAMILY = "1,2";
				TEST_HOST = "$(BUILT_PRODUCTS_DIR)/Slib.app/Slib";
			};
			name = Release;
		};
		F5D3AA6227B2C56500E670CE /* Debug */ = {
			isa = XCBuildConfiguration;
			buildSettings = {
				ALWAYS_EMBED_SWIFT_STANDARD_LIBRARIES = YES;
				CODE_SIGN_STYLE = Automatic;
				DEVELOPMENT_TEAM = 5Q3KXH668K;
				INFOPLIST_FILE = SlibUITests/Info.plist;
				LD_RUNPATH_SEARCH_PATHS = (
					"$(inherited)",
					"@executable_path/Frameworks",
					"@loader_path/Frameworks",
				);
				PRODUCT_BUNDLE_IDENTIFIER = com.heitormurara.SlibUITests;
				PRODUCT_NAME = "$(TARGET_NAME)";
				SWIFT_VERSION = 5.0;
				TARGETED_DEVICE_FAMILY = "1,2";
				TEST_TARGET_NAME = Slib;
			};
			name = Debug;
		};
		F5D3AA6327B2C56500E670CE /* Release */ = {
			isa = XCBuildConfiguration;
			buildSettings = {
				ALWAYS_EMBED_SWIFT_STANDARD_LIBRARIES = YES;
				CODE_SIGN_STYLE = Automatic;
				DEVELOPMENT_TEAM = 5Q3KXH668K;
				INFOPLIST_FILE = SlibUITests/Info.plist;
				LD_RUNPATH_SEARCH_PATHS = (
					"$(inherited)",
					"@executable_path/Frameworks",
					"@loader_path/Frameworks",
				);
				PRODUCT_BUNDLE_IDENTIFIER = com.heitormurara.SlibUITests;
				PRODUCT_NAME = "$(TARGET_NAME)";
				SWIFT_VERSION = 5.0;
				TARGETED_DEVICE_FAMILY = "1,2";
				TEST_TARGET_NAME = Slib;
			};
			name = Release;
		};
/* End XCBuildConfiguration section */

/* Begin XCConfigurationList section */
		F5D3AA2C27B2C56300E670CE /* Build configuration list for PBXProject "Slib" */ = {
			isa = XCConfigurationList;
			buildConfigurations = (
				F5D3AA5927B2C56500E670CE /* Debug */,
				F5D3AA5A27B2C56500E670CE /* Release */,
			);
			defaultConfigurationIsVisible = 0;
			defaultConfigurationName = Release;
		};
		F5D3AA5B27B2C56500E670CE /* Build configuration list for PBXNativeTarget "Slib" */ = {
			isa = XCConfigurationList;
			buildConfigurations = (
				F5D3AA5C27B2C56500E670CE /* Debug */,
				F5D3AA5D27B2C56500E670CE /* Release */,
			);
			defaultConfigurationIsVisible = 0;
			defaultConfigurationName = Release;
		};
		F5D3AA5E27B2C56500E670CE /* Build configuration list for PBXNativeTarget "SlibTests" */ = {
			isa = XCConfigurationList;
			buildConfigurations = (
				F5D3AA5F27B2C56500E670CE /* Debug */,
				F5D3AA6027B2C56500E670CE /* Release */,
			);
			defaultConfigurationIsVisible = 0;
			defaultConfigurationName = Release;
		};
		F5D3AA6127B2C56500E670CE /* Build configuration list for PBXNativeTarget "SlibUITests" */ = {
			isa = XCConfigurationList;
			buildConfigurations = (
				F5D3AA6227B2C56500E670CE /* Debug */,
				F5D3AA6327B2C56500E670CE /* Release */,
			);
			defaultConfigurationIsVisible = 0;
			defaultConfigurationName = Release;
		};
/* End XCConfigurationList section */
	};
	rootObject = F5D3AA2927B2C56300E670CE /* Project object */;
}
